{
    "_readme": [
        "This file locks the dependencies of your project to a known state",
        "Read more about it at https://getcomposer.org/doc/01-basic-usage.md#composer-lock-the-lock-file",
        "This file is @generated automatically"
    ],
    "hash": "85a5f8398b336d6fcfbf05f203db25f9",
    "content-hash": "d9b510f45b15bd86163a7b5d06bf050e",
    "packages": [
        {
            "name": "fzaninotto/faker",
            "version": "v1.6.0",
            "source": {
                "type": "git",
                "url": "https://github.com/fzaninotto/Faker.git",
                "reference": "44f9a286a04b80c76a4e5fb7aad8bb539b920123"
            },
            "dist": {
                "type": "zip",
                "url": "https://api.github.com/repos/fzaninotto/Faker/zipball/44f9a286a04b80c76a4e5fb7aad8bb539b920123",
                "reference": "44f9a286a04b80c76a4e5fb7aad8bb539b920123",
                "shasum": ""
            },
            "require": {
                "php": "^5.3.3|^7.0"
            },
            "require-dev": {
                "ext-intl": "*",
                "phpunit/phpunit": "~4.0",
                "squizlabs/php_codesniffer": "~1.5"
            },
            "type": "library",
            "extra": {
                "branch-alias": []
            },
            "autoload": {
                "psr-4": {
                    "Faker\\": "src/Faker/"
                }
            },
            "notification-url": "https://packagist.org/downloads/",
            "license": [
                "MIT"
            ],
            "authors": [
                {
                    "name": "François Zaninotto"
                }
            ],
            "description": "Faker is a PHP library that generates fake data for you.",
            "keywords": [
                "data",
                "faker",
                "fixtures"
            ],
            "time": "2016-04-29 12:21:54"
        },
        {
            "name": "tebazil/db-seeder",
            "version": "0.0.0",
            "source": {
                "type": "git",
                "url": "https://github.com/tebazil/db-seeder.git",
                "reference": "5bbcea95df02c4a72d432dfc7c05cf84a95db48d"
            },
            "dist": {
                "type": "zip",
                "url": "https://api.github.com/repos/tebazil/db-seeder/zipball/5bbcea95df02c4a72d432dfc7c05cf84a95db48d",
                "reference": "5bbcea95df02c4a72d432dfc7c05cf84a95db48d",
                "shasum": ""
            },
            "require": {
                "fzaninotto/faker": "^1.5"
            },
            "require-dev": {
                "phpunit/phpunit": "~4.0"
            },
            "type": "library",
            "autoload": {
                "psr-4": {
                    "tebazil\\dbseeder\\": "src"
                }
            },
            "notification-url": "https://packagist.org/downloads/",
            "license": [
                "BSD-3-Clause"
            ],
            "authors": [
                {
                    "name": "Vasiliy Baukin",
                    "email": "vasiliy.baukin@gmail.com"
                }
            ],
            "description": "Simple to use PHP db seeding tool that uses faker generators",
            "time": "2015-10-11 21:40:43"
        },
        {
            "name": "tebazil/yii1-db-seeder",
            "version": "0.0.0",
            "source": {
                "type": "git",
                "url": "https://github.com/tebazil/yii1-db-seeder.git",
                "reference": "1da8781f61b04f5d777504a1be755c22b0203159"
            },
            "dist": {
                "type": "zip",
                "url": "https://api.github.com/repos/tebazil/yii1-db-seeder/zipball/1da8781f61b04f5d777504a1be755c22b0203159",
                "reference": "1da8781f61b04f5d777504a1be755c22b0203159",
                "shasum": ""
            },
            "require": {
                "tebazil/db-seeder": "*"
            },
            "type": "yii2-extension",
            "autoload": {
                "psr-4": {
                    "tebazil\\yii1seeder\\": "src"
                }
            },
            "notification-url": "https://packagist.org/downloads/",
            "license": [
                "BSD-3-Clause"
            ],
            "authors": [
                {
                    "name": "Vasiliy Baukin",
                    "email": "vasiliy.baukin@gmail.com"
                }
            ],
            "description": "Yii1 adapter for PHP Database Seeder library",
            "time": "2015-10-16 20:51:10"
        },
        {
            "name": "yiisoft/yii",
            "version": "1.1.17",
            "source": {
                "type": "git",
                "url": "https://github.com/yiisoft/yii.git",
                "reference": "467ff50a77bf7030a168defc1d47f446136d6228"
            },
            "dist": {
                "type": "zip",
                "url": "https://api.github.com/repos/yiisoft/yii/zipball/467ff50a77bf7030a168defc1d47f446136d6228",
                "reference": "467ff50a77bf7030a168defc1d47f446136d6228",
                "shasum": ""
            },
            "require": {
                "php": ">=5.1.0"
            },
            "bin": [
                "framework/yiic"
            ],
            "type": "library",
            "autoload": {
                "classmap": [
                    "framework/YiiBase.php",
                    "framework/yii.php"
                ]
            },
            "notification-url": "https://packagist.org/downloads/",
            "license": [
                "BSD-3-Clause"
            ],
            "authors": [
                {
                    "name": "Qiang Xue",
                    "email": "qiang.xue@gmail.com",
                    "homepage": "http://www.yiiframework.com/",
                    "role": "Founder and project lead"
                },
                {
                    "name": "Alexander Makarov",
                    "email": "sam@rmcreative.ru",
                    "homepage": "http://rmcreative.ru/",
                    "role": "Core framework development"
                },
                {
                    "name": "Maurizio Domba",
                    "homepage": "http://mdomba.info/",
                    "role": "Core framework development"
                },
                {
                    "name": "Carsten Brandt",
                    "email": "mail@cebe.cc",
                    "homepage": "http://cebe.cc/",
                    "role": "Core framework development"
                },
                {
                    "name": "Wei Zhuo",
                    "email": "weizhuo@gmail.com",
                    "role": "Project site maintenance and development"
                },
                {
                    "name": "Sebastián Thierer",
                    "email": "sebas@artfos.com",
                    "role": "Component development"
                },
                {
                    "name": "Jeffrey Winesett",
                    "email": "jefftulsa@gmail.com",
                    "role": "Documentation and marketing"
                },
                {
                    "name": "Timur Ruziev",
                    "email": "resurtm@gmail.com",
                    "homepage": "http://resurtm.com/",
                    "role": "Core framework development"
                },
                {
                    "name": "Paul Klimov",
                    "email": "klimov.paul@gmail.com",
                    "role": "Core framework development"
                }
            ],
            "description": "Yii Web Programming Framework",
            "homepage": "http://www.yiiframework.com/",
            "keywords": [
                "framework",
                "yii"
            ],
            "time": "2016-01-13 16:23:58"
        }
    ],
    "packages-dev": [],
    "aliases": [],
    "minimum-stability": "stable",
    "stability-flags": [],
    "prefer-stable": false,
    "prefer-lowest": false,
    "platform": [],
    "platform-dev": []
}
